
Microsoft Visual Studio Solution File, Format Version 12.00
# Visual Studio Version 17
VisualStudioVersion = 17.9.34728.123
MinimumVisualStudioVersion = 10.0.40219.1
Project("{9A19103F-16F7-4668-BE54-9A1E7A4F7556}") = "ConsoleApp6", "ConsoleApp6\ConsoleApp6.csproj", "{E0847A6E-E8CB-4540-86BC-9DC51973ACEF}"
EndProject
Project("{9A19103F-16F7-4668-BE54-9A1E7A4F7556}") = "ConsoleApp6Tests", "ConsoleApp6Tests\ConsoleApp6Tests.csproj", "{FD739BBA-18FD-419B-93D1-5A66C6E8F504}"
EndProject
Project("{9A19103F-16F7-4668-BE54-9A1E7A4F7556}") = "Dominio", "Dominio\Dominio.csproj", "{C892663B-60D2-491C-904D-493F9AC30A8A}"
EndProject
Project("{9A19103F-16F7-4668-BE54-9A1E7A4F7556}") = "Servico", "Servico\Servico.csproj", "{64DB15D8-D85A-4F60-8ACA-F6F923FA3E0E}"
EndProject
Project("{2150E333-8FDC-42A3-9474-1A3956D46DE8}") = "Core", "Core", "{13DAC88C-3715-48F0-9975-F0DEF15A249A}"
EndProject
Project("{FAE04EC0-301F-11D3-BF4B-00C04F79EFBC}") = "Infra.IoC", "Infra.IoC\Infra.IoC.csproj", "{F61BD3D6-1C60-4CB9-AE42-82448B3179CC}"
EndProject
Project("{FAE04EC0-301F-11D3-BF4B-00C04F79EFBC}") = "Infra.Banco", "Infra.Banco\Infra.Banco.csproj", "{77474C6B-78F0-463E-955C-3CCF280D3140}"
EndProject
Global
	GlobalSection(SolutionConfigurationPlatforms) = preSolution
		Debug|Any CPU = Debug|Any CPU
		Release|Any CPU = Release|Any CPU
	EndGlobalSection
	GlobalSection(ProjectConfigurationPlatforms) = postSolution
		{E0847A6E-E8CB-4540-86BC-9DC51973ACEF}.Debug|Any CPU.ActiveCfg = Debug|Any CPU
		{E0847A6E-E8CB-4540-86BC-9DC51973ACEF}.Debug|Any CPU.Build.0 = Debug|Any CPU
		{E0847A6E-E8CB-4540-86BC-9DC51973ACEF}.Release|Any CPU.ActiveCfg = Release|Any CPU
		{E0847A6E-E8CB-4540-86BC-9DC51973ACEF}.Release|Any CPU.Build.0 = Release|Any CPU
		{FD739BBA-18FD-419B-93D1-5A66C6E8F504}.Debug|Any CPU.ActiveCfg = Debug|Any CPU
		{FD739BBA-18FD-419B-93D1-5A66C6E8F504}.Debug|Any CPU.Build.0 = Debug|Any CPU
		{FD739BBA-18FD-419B-93D1-5A66C6E8F504}.Release|Any CPU.ActiveCfg = Release|Any CPU
		{FD739BBA-18FD-419B-93D1-5A66C6E8F504}.Release|Any CPU.Build.0 = Release|Any CPU
		{C892663B-60D2-491C-904D-493F9AC30A8A}.Debug|Any CPU.ActiveCfg = Debug|Any CPU
		{C892663B-60D2-491C-904D-493F9AC30A8A}.Debug|Any CPU.Build.0 = Debug|Any CPU
		{C892663B-60D2-491C-904D-493F9AC30A8A}.Release|Any CPU.ActiveCfg = Release|Any CPU
		{C892663B-60D2-491C-904D-493F9AC30A8A}.Release|Any CPU.Build.0 = Release|Any CPU
		{64DB15D8-D85A-4F60-8ACA-F6F923FA3E0E}.Debug|Any CPU.ActiveCfg = Debug|Any CPU
		{64DB15D8-D85A-4F60-8ACA-F6F923FA3E0E}.Debug|Any CPU.Build.0 = Debug|Any CPU
		{64DB15D8-D85A-4F60-8ACA-F6F923FA3E0E}.Release|Any CPU.ActiveCfg = Release|Any CPU
		{64DB15D8-D85A-4F60-8ACA-F6F923FA3E0E}.Release|Any CPU.Build.0 = Release|Any CPU
		{F61BD3D6-1C60-4CB9-AE42-82448B3179CC}.Debug|Any CPU.ActiveCfg = Debug|Any CPU
		{F61BD3D6-1C60-4CB9-AE42-82448B3179CC}.Debug|Any CPU.Build.0 = Debug|Any CPU
		{F61BD3D6-1C60-4CB9-AE42-82448B3179CC}.Release|Any CPU.ActiveCfg = Release|Any CPU
		{F61BD3D6-1C60-4CB9-AE42-82448B3179CC}.Release|Any CPU.Build.0 = Release|Any CPU
		{77474C6B-78F0-463E-955C-3CCF280D3140}.Debug|Any CPU.ActiveCfg = Debug|Any CPU
		{77474C6B-78F0-463E-955C-3CCF280D3140}.Debug|Any CPU.Build.0 = Debug|Any CPU
		{77474C6B-78F0-463E-955C-3CCF280D3140}.Release|Any CPU.ActiveCfg = Release|Any CPU
		{77474C6B-78F0-463E-955C-3CCF280D3140}.Release|Any CPU.Build.0 = Release|Any CPU
	EndGlobalSection
	GlobalSection(SolutionProperties) = preSolution
		HideSolutionNode = FALSE
	EndGlobalSection
	GlobalSection(NestedProjects) = preSolution
		{C892663B-60D2-491C-904D-493F9AC30A8A} = {13DAC88C-3715-48F0-9975-F0DEF15A249A}
		{64DB15D8-D85A-4F60-8ACA-F6F923FA3E0E} = {13DAC88C-3715-48F0-9975-F0DEF15A249A}
		{F61BD3D6-1C60-4CB9-AE42-82448B3179CC} = {13DAC88C-3715-48F0-9975-F0DEF15A249A}
		{77474C6B-78F0-463E-955C-3CCF280D3140} = {13DAC88C-3715-48F0-9975-F0DEF15A249A}
	EndGlobalSection
	GlobalSection(ExtensibilityGlobals) = postSolution
		SolutionGuid = {B65FE97C-CC2B-47E9-A42C-AF479972EE69}
	EndGlobalSection
EndGlobal
